
Microsoft Visual Studio Solution File, Format Version 12.00
Project("{FAE04EC0-301F-11D3-BF4B-00C04F79EFBC}") = "Villains.Library", "Villains.Library\Villains.Library.csproj", "{EAA48614-AB1C-4D84-AD46-FCFE26B28E30}"
EndProject
Project("{FAE04EC0-301F-11D3-BF4B-00C04F79EFBC}") = "Villains.Library.Tests", "Villains.Library.Tests\Villains.Library.Tests.csproj", "{331B5C9A-4E61-4397-BEF2-166C6C0B10EC}"
EndProject
Project("{FAE04EC0-301F-11D3-BF4B-00C04F79EFBC}") = "Villains.DataUpdater", "Villains.DataUpdater\Villains.DataUpdater.csproj", "{B81FC08C-F9B9-4688-B22A-EC087CCDF94A}"
EndProject
Global
	GlobalSection(SolutionConfigurationPlatforms) = preSolution
		Debug|Any CPU = Debug|Any CPU
		Release|Any CPU = Release|Any CPU
	EndGlobalSection
	GlobalSection(ProjectConfigurationPlatforms) = postSolution
		{EAA48614-AB1C-4D84-AD46-FCFE26B28E30}.Debug|Any CPU.ActiveCfg = Debug|Any CPU
		{EAA48614-AB1C-4D84-AD46-FCFE26B28E30}.Debug|Any CPU.Build.0 = Debug|Any CPU
		{EAA48614-AB1C-4D84-AD46-FCFE26B28E30}.Release|Any CPU.ActiveCfg = Release|Any CPU
		{EAA48614-AB1C-4D84-AD46-FCFE26B28E30}.Release|Any CPU.Build.0 = Release|Any CPU
		{331B5C9A-4E61-4397-BEF2-166C6C0B10EC}.Debug|Any CPU.ActiveCfg = Debug|Any CPU
		{331B5C9A-4E61-4397-BEF2-166C6C0B10EC}.Debug|Any CPU.Build.0 = Debug|Any CPU
		{331B5C9A-4E61-4397-BEF2-166C6C0B10EC}.Release|Any CPU.ActiveCfg = Release|Any CPU
		{331B5C9A-4E61-4397-BEF2-166C6C0B10EC}.Release|Any CPU.Build.0 = Release|Any CPU
		{B81FC08C-F9B9-4688-B22A-EC087CCDF94A}.Debug|Any CPU.ActiveCfg = Debug|Any CPU
		{B81FC08C-F9B9-4688-B22A-EC087CCDF94A}.Debug|Any CPU.Build.0 = Debug|Any CPU
		{B81FC08C-F9B9-4688-B22A-EC087CCDF94A}.Release|Any CPU.ActiveCfg = Release|Any CPU
		{B81FC08C-F9B9-4688-B22A-EC087CCDF94A}.Release|Any CPU.Build.0 = Release|Any CPU
	EndGlobalSection
EndGlobal
